// !$*UTF8*$!
{
	archiveVersion = 1;
	classes = {
	};
	objectVersion = 56;
	objects = {

/* Begin PBXBuildFile section */
		CED1CACE29669618007B532E /* kernel_slide.c in Sources */ = {isa = PBXBuildFile; fileRef = CED1CACD29669618007B532E /* kernel_slide.c */; };
/* End PBXBuildFile section */

/* Begin PBXFileReference section */
		CED1CACA29669618007B532E /* kernel_slide.kext */ = {isa = PBXFileReference; explicitFileType = wrapper.cfbundle; includeInIndex = 0; path = kernel_slide.kext; sourceTree = BUILT_PRODUCTS_DIR; };
		CED1CACD29669618007B532E /* kernel_slide.c */ = {isa = PBXFileReference; lastKnownFileType = sourcecode.c.c; path = kernel_slide.c; sourceTree = "<group>"; };
		CED1CACF29669618007B532E /* Info.plist */ = {isa = PBXFileReference; lastKnownFileType = text.plist.xml; path = Info.plist; sourceTree = "<group>"; };
/* End PBXFileReference section */

/* Begin PBXFrameworksBuildPhase section */
		CED1CAC729669618007B532E /* Frameworks */ = {
			isa = PBXFrameworksBuildPhase;
			buildActionMask = 2147483647;
			files = (
			);
			runOnlyForDeploymentPostprocessing = 0;
		};
/* End PBXFrameworksBuildPhase section */

/* Begin PBXGroup section */
		CED1CAC029669618007B532E = {
			isa = PBXGroup;
			children = (
				CED1CACC29669618007B532E /* kernel_slide */,
				CED1CACB29669618007B532E /* Products */,
			);
			sourceTree = "<group>";
		};
		CED1CACB29669618007B532E /* Products */ = {
			isa = PBXGroup;
			children = (
				CED1CACA29669618007B532E /* kernel_slide.kext */,
			);
			name = Products;
			sourceTree = "<group>";
		};
		CED1CACC29669618007B532E /* kernel_slide */ = {
			isa = PBXGroup;
			children = (
				CED1CACD29669618007B532E /* kernel_slide.c */,
				CED1CACF29669618007B532E /* Info.plist */,
			);
			path = kernel_slide;
			sourceTree = "<group>";
		};
/* End PBXGroup section */

/* Begin PBXHeadersBuildPhase section */
		CED1CAC529669618007B532E /* Headers */ = {
			isa = PBXHeadersBuildPhase;
			buildActionMask = 2147483647;
			files = (
			);
			runOnlyForDeploymentPostprocessing = 0;
		};
/* End PBXHeadersBuildPhase section */

/* Begin PBXNativeTarget section */
		CED1CAC929669618007B532E /* kernel_slide */ = {
			isa = PBXNativeTarget;
			buildConfigurationList = CED1CAD229669618007B532E /* Build configuration list for PBXNativeTarget "kernel_slide" */;
			buildPhases = (
				CED1CAC529669618007B532E /* Headers */,
				CED1CAC629669618007B532E /* Sources */,
				CED1CAC729669618007B532E /* Frameworks */,
				CED1CAC829669618007B532E /* Resources */,
			);
			buildRules = (
			);
			dependencies = (
			);
			name = kernel_slide;
			productName = kernel_slide;
			productReference = CED1CACA29669618007B532E /* kernel_slide.kext */;
			productType = "com.apple.product-type.kernel-extension";
		};
/* End PBXNativeTarget section */

/* Begin PBXProject section */
		CED1CAC129669618007B532E /* Project object */ = {
			isa = PBXProject;
			attributes = {
				BuildIndependentTargetsInParallel = 1;
				LastUpgradeCheck = 1420;
				TargetAttributes = {
					CED1CAC929669618007B532E = {
						CreatedOnToolsVersion = 14.2;
					};
				};
			};
			buildConfigurationList = CED1CAC429669618007B532E /* Build configuration list for PBXProject "kernel_slide" */;
			compatibilityVersion = "Xcode 14.0";
			developmentRegion = en;
			hasScannedForEncodings = 0;
			knownRegions = (
				en,
				Base,
			);
			mainGroup = CED1CAC029669618007B532E;
			productRefGroup = CED1CACB29669618007B532E /* Products */;
			projectDirPath = "";
			projectRoot = "";
			targets = (
				CED1CAC929669618007B532E /* kernel_slide */,
			);
		};
/* End PBXProject section */

/* Begin PBXResourcesBuildPhase section */
		CED1CAC829669618007B532E /* Resources */ = {
			isa = PBXResourcesBuildPhase;
			buildActionMask = 2147483647;
			files = (
			);
			runOnlyForDeploymentPostprocessing = 0;
		};
/* End PBXResourcesBuildPhase section */

/* Begin PBXSourcesBuildPhase section */
		CED1CAC629669618007B532E /* Sources */ = {
			isa = PBXSourcesBuildPhase;
			buildActionMask = 2147483647;
			files = (
				CED1CACE29669618007B532E /* kernel_slide.c in Sources */,
			);
			runOnlyForDeploymentPostprocessing = 0;
		};
/* End PBXSourcesBuildPhase section */

/* Begin XCBuildConfiguration section */
		CED1CAD029669618007B532E /* Debug */ = {
			isa = XCBuildConfiguration;
			buildSettings = {
				ALWAYS_SEARCH_USER_PATHS = NO;
				CLANG_ANALYZER_NONNULL = YES;
				CLANG_ANALYZER_NUMBER_OBJECT_CONVERSION = YES_AGGRESSIVE;
				CLANG_CXX_LANGUAGE_STANDARD = "gnu++20";
				CLANG_ENABLE_MODULES = YES;
				CLANG_ENABLE_OBJC_ARC = YES;
				CLANG_ENABLE_OBJC_WEAK = YES;
				CLANG_WARN_BLOCK_CAPTURE_AUTORELEASING = YES;
				CLANG_WARN_BOOL_CONVERSION = YES;
				CLANG_WARN_COMMA = YES;
				CLANG_WARN_CONSTANT_CONVERSION = YES;
				CLANG_WARN_DEPRECATED_OBJC_IMPLEMENTATIONS = YES;
				CLANG_WARN_DIRECT_OBJC_ISA_USAGE = YES_ERROR;
				CLANG_WARN_DOCUMENTATION_COMMENTS = YES;
				CLANG_WARN_EMPTY_BODY = YES;
				CLANG_WARN_ENUM_CONVERSION = YES;
				CLANG_WARN_INFINITE_RECURSION = YES;
				CLANG_WARN_INT_CONVERSION = YES;
				CLANG_WARN_NON_LITERAL_NULL_CONVERSION = YES;
				CLANG_WARN_OBJC_IMPLICIT_RETAIN_SELF = YES;
				CLANG_WARN_OBJC_LITERAL_CONVERSION = YES;
				CLANG_WARN_OBJC_ROOT_CLASS = YES_ERROR;
				CLANG_WARN_QUOTED_INCLUDE_IN_FRAMEWORK_HEADER = YES;
				CLANG_WARN_RANGE_LOOP_ANALYSIS = YES;
				CLANG_WARN_STRICT_PROTOTYPES = YES;
				CLANG_WARN_SUSPICIOUS_MOVE = YES;
				CLANG_WARN_UNGUARDED_AVAILABILITY = YES_AGGRESSIVE;
				CLANG_WARN_UNREACHABLE_CODE = YES;
				CLANG_WARN__DUPLICATE_METHOD_MATCH = YES;
				COPY_PHASE_STRIP = NO;
				DEBUG_INFORMATION_FORMAT = dwarf;
				ENABLE_STRICT_OBJC_MSGSEND = YES;
				ENABLE_TESTABILITY = YES;
				GCC_C_LANGUAGE_STANDARD = gnu11;
				GCC_DYNAMIC_NO_PIC = NO;
				GCC_NO_COMMON_BLOCKS = YES;
				GCC_OPTIMIZATION_LEVEL = 0;
				GCC_PREPROCESSOR_DEFINITIONS = (
					"DEBUG=1",
					"$(inherited)",
				);
				GCC_WARN_64_TO_32_BIT_CONVERSION = YES;
				GCC_WARN_ABOUT_RETURN_TYPE = YES_ERROR;
				GCC_WARN_UNDECLARED_SELECTOR = YES;
				GCC_WARN_UNINITIALIZED_AUTOS = YES_AGGRESSIVE;
				GCC_WARN_UNUSED_FUNCTION = YES;
				GCC_WARN_UNUSED_VARIABLE = YES;
				MACOSX_DEPLOYMENT_TARGET = 13.1;
				MTL_ENABLE_DEBUG_INFO = INCLUDE_SOURCE;
				MTL_FAST_MATH = YES;
				ONLY_ACTIVE_ARCH = YES;
				SDKROOT = macosx;
			};
			name = Debug;
		};
		CED1CAD129669618007B532E /* Release */ = {
			isa = XCBuildConfiguration;
			buildSettings = {
				ALWAYS_SEARCH_USER_PATHS = NO;
				CLANG_ANALYZER_NONNULL = YES;
				CLANG_ANALYZER_NUMBER_OBJECT_CONVERSION = YES_AGGRESSIVE;
				CLANG_CXX_LANGUAGE_STANDARD = "gnu++20";
				CLANG_ENABLE_MODULES = YES;
				CLANG_ENABLE_OBJC_ARC = YES;
				CLANG_ENABLE_OBJC_WEAK = YES;
				CLANG_WARN_BLOCK_CAPTURE_AUTORELEASING = YES;
				CLANG_WARN_BOOL_CONVERSION = YES;
				CLANG_WARN_COMMA = YES;
				CLANG_WARN_CONSTANT_CONVERSION = YES;
				CLANG_WARN_DEPRECATED_OBJC_IMPLEMENTATIONS = YES;
				CLANG_WARN_DIRECT_OBJC_ISA_USAGE = YES_ERROR;
				CLANG_WARN_DOCUMENTATION_COMMENTS = YES;
				CLANG_WARN_EMPTY_BODY = YES;
				CLANG_WARN_ENUM_CONVERSION = YES;
				CLANG_WARN_INFINITE_RECURSION = YES;
				CLANG_WARN_INT_CONVERSION = YES;
				CLANG_WARN_NON_LITERAL_NULL_CONVERSION = YES;
				CLANG_WARN_OBJC_IMPLICIT_RETAIN_SELF = YES;
				CLANG_WARN_OBJC_LITERAL_CONVERSION = YES;
				CLANG_WARN_OBJC_ROOT_CLASS = YES_ERROR;
				CLANG_WARN_QUOTED_INCLUDE_IN_FRAMEWORK_HEADER = YES;
				CLANG_WARN_RANGE_LOOP_ANALYSIS = YES;
				CLANG_WARN_STRICT_PROTOTYPES = YES;
				CLANG_WARN_SUSPICIOUS_MOVE = YES;
				CLANG_WARN_UNGUARDED_AVAILABILITY = YES_AGGRESSIVE;
				CLANG_WARN_UNREACHABLE_CODE = YES;
				CLANG_WARN__DUPLICATE_METHOD_MATCH = YES;
				COPY_PHASE_STRIP = NO;
				DEBUG_INFORMATION_FORMAT = "dwarf-with-dsym";
				ENABLE_NS_ASSERTIONS = NO;
				ENABLE_STRICT_OBJC_MSGSEND = YES;
				GCC_C_LANGUAGE_STANDARD = gnu11;
				GCC_NO_COMMON_BLOCKS = YES;
				GCC_WARN_64_TO_32_BIT_CONVERSION = YES;
				GCC_WARN_ABOUT_RETURN_TYPE = YES_ERROR;
				GCC_WARN_UNDECLARED_SELECTOR = YES;
				GCC_WARN_UNINITIALIZED_AUTOS = YES_AGGRESSIVE;
				GCC_WARN_UNUSED_FUNCTION = YES;
				GCC_WARN_UNUSED_VARIABLE = YES;
				MACOSX_DEPLOYMENT_TARGET = 13.1;
				MTL_ENABLE_DEBUG_INFO = NO;
				MTL_FAST_MATH = YES;
				SDKROOT = macosx;
			};
			name = Release;
		};
		CED1CAD329669618007B532E /* Debug */ = {
			isa = XCBuildConfiguration;
			buildSettings = {
				CLANG_WARN_QUOTED_INCLUDE_IN_FRAMEWORK_HEADER = NO;
				CODE_SIGN_STYLE = Automatic;
				CURRENT_PROJECT_VERSION = 1;
				GENERATE_INFOPLIST_FILE = YES;
				INFOPLIST_FILE = kernel_slide/Info.plist;
				INFOPLIST_KEY_NSHumanReadableCopyright = "";
				MACOSX_DEPLOYMENT_TARGET = 13.1;
				MARKETING_VERSION = 1.0;
				MODULE_NAME = kernel_slide.kernel_slide;
				MODULE_START = kernel_slide_start;
				MODULE_STOP = kernel_slide_stop;
				MODULE_VERSION = 1.0.0d1;
				PRODUCT_BUNDLE_IDENTIFIER = "kernel-slide.kernel-slide";
				PRODUCT_NAME = "$(TARGET_NAME)";
				RUN_CLANG_STATIC_ANALYZER = YES;
				SWIFT_EMIT_LOC_STRINGS = YES;
				WRAPPER_EXTENSION = kext;
			};
			name = Debug;
		};
		CED1CAD429669618007B532E /* Release */ = {
			isa = XCBuildConfiguration;
			buildSettings = {
				CLANG_WARN_QUOTED_INCLUDE_IN_FRAMEWORK_HEADER = NO;
				CODE_SIGN_STYLE = Automatic;
				CURRENT_PROJECT_VERSION = 1;
				GENERATE_INFOPLIST_FILE = YES;
				INFOPLIST_FILE = kernel_slide/Info.plist;
				INFOPLIST_KEY_NSHumanReadableCopyright = "";
				MACOSX_DEPLOYMENT_TARGET = 13.1;
				MARKETING_VERSION = 1.0;
				MODULE_NAME = kernel_slide.kernel_slide;
				MODULE_START = kernel_slide_start;
				MODULE_STOP = kernel_slide_stop;
				MODULE_VERSION = 1.0.0d1;
				PRODUCT_BUNDLE_IDENTIFIER = "kernel-slide.kernel-slide";
				PRODUCT_NAME = "$(TARGET_NAME)";
				RUN_CLANG_STATIC_ANALYZER = YES;
				SWIFT_EMIT_LOC_STRINGS = YES;
				WRAPPER_EXTENSION = kext;
			};
			name = Release;
		};
/* End XCBuildConfiguration section */

/* Begin XCConfigurationList section */
		CED1CAC429669618007B532E /* Build configuration list for PBXProject "kernel_slide" */ = {
			isa = XCConfigurationList;
			buildConfigurations = (
				CED1CAD029669618007B532E /* Debug */,
				CED1CAD129669618007B532E /* Release */,
			);
			defaultConfigurationIsVisible = 0;
			defaultConfigurationName = Release;
		};
		CED1CAD229669618007B532E /* Build configuration list for PBXNativeTarget "kernel_slide" */ = {
			isa = XCConfigurationList;
			buildConfigurations = (
				CED1CAD329669618007B532E /* Debug */,
				CED1CAD429669618007B532E /* Release */,
			);
			defaultConfigurationIsVisible = 0;
			defaultConfigurationName = Release;
		};
/* End XCConfigurationList section */
	};
	rootObject = CED1CAC129669618007B532E /* Project object */;
}
